
Microsoft Visual Studio Solution File, Format Version 12.00
# Visual Studio 15
VisualStudioVersion = 15.0.28307.757
MinimumVisualStudioVersion = 10.0.40219.1
Project("{FAE04EC0-301F-11D3-BF4B-00C04F79EFBC}") = "KRTestWork", "KRTestWork\KRTestWork.csproj", "{43D9E3E8-7248-4A1F-87B1-D2743FB33973}"
EndProject
Global
	GlobalSection(SolutionConfigurationPlatforms) = preSolution
		Debug|Any CPU = Debug|Any CPU
		Release|Any CPU = Release|Any CPU
	EndGlobalSection
	GlobalSection(ProjectConfigurationPlatforms) = postSolution
		{43D9E3E8-7248-4A1F-87B1-D2743FB33973}.Debug|Any CPU.ActiveCfg = Debug|Any CPU
		{43D9E3E8-7248-4A1F-87B1-D2743FB33973}.Debug|Any CPU.Build.0 = Debug|Any CPU
		{43D9E3E8-7248-4A1F-87B1-D2743FB33973}.Release|Any CPU.ActiveCfg = Release|Any CPU
		{43D9E3E8-7248-4A1F-87B1-D2743FB33973}.Release|Any CPU.Build.0 = Release|Any CPU
	EndGlobalSection
	GlobalSection(SolutionProperties) = preSolution
		HideSolutionNode = FALSE
	EndGlobalSection
	GlobalSection(ExtensibilityGlobals) = postSolution
		SolutionGuid = {683B9D63-34C5-4916-886D-DBD1AE1E86F0}
	EndGlobalSection
EndGlobal
